// !$*UTF8*$!
{
	archiveVersion = 1;
	classes = {
	};
	objectVersion = 48;
	objects = {

/* Begin PBXBuildFile section */
		2C9E1AE4206DD659008AE858 /* AppDelegate.swift in Sources */ = {isa = PBXBuildFile; fileRef = 2C9E1AE3206DD659008AE858 /* AppDelegate.swift */; };
		2C9E1AE9206DD659008AE858 /* Main.storyboard in Resources */ = {isa = PBXBuildFile; fileRef = 2C9E1AE7206DD659008AE858 /* Main.storyboard */; };
		2C9E1AEB206DD659008AE858 /* Assets.xcassets in Resources */ = {isa = PBXBuildFile; fileRef = 2C9E1AEA206DD659008AE858 /* Assets.xcassets */; };
		2C9E1AEE206DD659008AE858 /* LaunchScreen.storyboard in Resources */ = {isa = PBXBuildFile; fileRef = 2C9E1AEC206DD659008AE858 /* LaunchScreen.storyboard */; };
		2C9E1AF9206DDAFC008AE858 /* WeatherDataModel.swift in Sources */ = {isa = PBXBuildFile; fileRef = 2C9E1AF8206DDAFC008AE858 /* WeatherDataModel.swift */; };
		2C9E1AFD206DE452008AE858 /* WeatherViewController.swift in Sources */ = {isa = PBXBuildFile; fileRef = 2C9E1AFC206DE452008AE858 /* WeatherViewController.swift */; };
		2C9E1AFF206E17D2008AE858 /* ChangeCityViewController.swift in Sources */ = {isa = PBXBuildFile; fileRef = 2C9E1AFE206E17D2008AE858 /* ChangeCityViewController.swift */; };
		2C9E1B01206E1A42008AE858 /* changeCityDelegate.swift in Sources */ = {isa = PBXBuildFile; fileRef = 2C9E1B00206E1A42008AE858 /* changeCityDelegate.swift */; };
		389B1E69B1336D9A6289ECCF /* Pods_WeatherApp.framework in Frameworks */ = {isa = PBXBuildFile; fileRef = 691F8E9F044DDCF891651B11 /* Pods_WeatherApp.framework */; };
/* End PBXBuildFile section */

/* Begin PBXFileReference section */
		2C9E1AE0206DD659008AE858 /* WeatherApp.app */ = {isa = PBXFileReference; explicitFileType = wrapper.application; includeInIndex = 0; path = WeatherApp.app; sourceTree = BUILT_PRODUCTS_DIR; };
		2C9E1AE3206DD659008AE858 /* AppDelegate.swift */ = {isa = PBXFileReference; lastKnownFileType = sourcecode.swift; path = AppDelegate.swift; sourceTree = "<group>"; };
		2C9E1AE8206DD659008AE858 /* Base */ = {isa = PBXFileReference; lastKnownFileType = file.storyboard; name = Base; path = Base.lproj/Main.storyboard; sourceTree = "<group>"; };
		2C9E1AEA206DD659008AE858 /* Assets.xcassets */ = {isa = PBXFileReference; lastKnownFileType = folder.assetcatalog; path = Assets.xcassets; sourceTree = "<group>"; };
		2C9E1AED206DD659008AE858 /* Base */ = {isa = PBXFileReference; lastKnownFileType = file.storyboard; name = Base; path = Base.lproj/LaunchScreen.storyboard; sourceTree = "<group>"; };
		2C9E1AEF206DD659008AE858 /* Info.plist */ = {isa = PBXFileReference; lastKnownFileType = text.plist.xml; path = Info.plist; sourceTree = "<group>"; };
		2C9E1AF8206DDAFC008AE858 /* WeatherDataModel.swift */ = {isa = PBXFileReference; lastKnownFileType = sourcecode.swift; path = WeatherDataModel.swift; sourceTree = "<group>"; };
		2C9E1AFC206DE452008AE858 /* WeatherViewController.swift */ = {isa = PBXFileReference; lastKnownFileType = sourcecode.swift; path = WeatherViewController.swift; sourceTree = "<group>"; };
		2C9E1AFE206E17D2008AE858 /* ChangeCityViewController.swift */ = {isa = PBXFileReference; lastKnownFileType = sourcecode.swift; path = ChangeCityViewController.swift; sourceTree = "<group>"; };
		2C9E1B00206E1A42008AE858 /* changeCityDelegate.swift */ = {isa = PBXFileReference; lastKnownFileType = sourcecode.swift; path = changeCityDelegate.swift; sourceTree = "<group>"; };
		5E6AC56AD901CD51AA55E648 /* Pods-WeatherApp.release.xcconfig */ = {isa = PBXFileReference; includeInIndex = 1; lastKnownFileType = text.xcconfig; name = "Pods-WeatherApp.release.xcconfig"; path = "Pods/Target Support Files/Pods-WeatherApp/Pods-WeatherApp.release.xcconfig"; sourceTree = "<group>"; };
		691F8E9F044DDCF891651B11 /* Pods_WeatherApp.framework */ = {isa = PBXFileReference; explicitFileType = wrapper.framework; includeInIndex = 0; path = Pods_WeatherApp.framework; sourceTree = BUILT_PRODUCTS_DIR; };
		7E7B90BBA92FC51470592059 /* Pods-WeatherApp.debug.xcconfig */ = {isa = PBXFileReference; includeInIndex = 1; lastKnownFileType = text.xcconfig; name = "Pods-WeatherApp.debug.xcconfig"; path = "Pods/Target Support Files/Pods-WeatherApp/Pods-WeatherApp.debug.xcconfig"; sourceTree = "<group>"; };
		ADB18EA5211586F700500720 /* CoreLocation.framework */ = {isa = PBXFileReference; lastKnownFileType = wrapper.framework; name = CoreLocation.framework; path = System/Library/Frameworks/CoreLocation.framework; sourceTree = SDKROOT; };
/* End PBXFileReference section */

/* Begin PBXFrameworksBuildPhase section */
		2C9E1ADD206DD659008AE858 /* Frameworks */ = {
			isa = PBXFrameworksBuildPhase;
			buildActionMask = 2147483647;
			files = (
				389B1E69B1336D9A6289ECCF /* Pods_WeatherApp.framework in Frameworks */,
			);
			runOnlyForDeploymentPostprocessing = 0;
		};
/* End PBXFrameworksBuildPhase section */

/* Begin PBXGroup section */
		2C9E1AD7206DD659008AE858 = {
			isa = PBXGroup;
			children = (
				2C9E1AE2206DD659008AE858 /* WeatherApp */,
				2C9E1AE1206DD659008AE858 /* Products */,
				8F9830A619EAED154935A3DB /* Pods */,
				2D93398A40FF434A7018060F /* Frameworks */,
			);
			sourceTree = "<group>";
		};
		2C9E1AE1206DD659008AE858 /* Products */ = {
			isa = PBXGroup;
			children = (
				2C9E1AE0206DD659008AE858 /* WeatherApp.app */,
			);
			name = Products;
			sourceTree = "<group>";
		};
		2C9E1AE2206DD659008AE858 /* WeatherApp */ = {
			isa = PBXGroup;
			children = (
				2C9E1AF7206DD668008AE858 /* View */,
				2C9E1AF6206DD664008AE858 /* Model */,
				2C9E1AF5206DD65F008AE858 /* Controller */,
				2C9E1AE3206DD659008AE858 /* AppDelegate.swift */,
				2C9E1AEF206DD659008AE858 /* Info.plist */,
			);
			path = WeatherApp;
			sourceTree = "<group>";
		};
		2C9E1AF5206DD65F008AE858 /* Controller */ = {
			isa = PBXGroup;
			children = (
				2C9E1AFC206DE452008AE858 /* WeatherViewController.swift */,
				2C9E1AFE206E17D2008AE858 /* ChangeCityViewController.swift */,
				2C9E1B00206E1A42008AE858 /* changeCityDelegate.swift */,
			);
			path = Controller;
			sourceTree = "<group>";
		};
		2C9E1AF6206DD664008AE858 /* Model */ = {
			isa = PBXGroup;
			children = (
				2C9E1AF8206DDAFC008AE858 /* WeatherDataModel.swift */,
			);
			path = Model;
			sourceTree = "<group>";
		};
		2C9E1AF7206DD668008AE858 /* View */ = {
			isa = PBXGroup;
			children = (
				2C9E1AE7206DD659008AE858 /* Main.storyboard */,
				2C9E1AEA206DD659008AE858 /* Assets.xcassets */,
				2C9E1AEC206DD659008AE858 /* LaunchScreen.storyboard */,
			);
			path = View;
			sourceTree = "<group>";
		};
		2D93398A40FF434A7018060F /* Frameworks */ = {
			isa = PBXGroup;
			children = (
				ADB18EA5211586F700500720 /* CoreLocation.framework */,
				691F8E9F044DDCF891651B11 /* Pods_WeatherApp.framework */,
			);
			name = Frameworks;
			sourceTree = "<group>";
		};
		8F9830A619EAED154935A3DB /* Pods */ = {
			isa = PBXGroup;
			children = (
				7E7B90BBA92FC51470592059 /* Pods-WeatherApp.debug.xcconfig */,
				5E6AC56AD901CD51AA55E648 /* Pods-WeatherApp.release.xcconfig */,
			);
			name = Pods;
			sourceTree = "<group>";
		};
/* End PBXGroup section */

/* Begin PBXNativeTarget section */
		2C9E1ADF206DD659008AE858 /* WeatherApp */ = {
			isa = PBXNativeTarget;
			buildConfigurationList = 2C9E1AF2206DD659008AE858 /* Build configuration list for PBXNativeTarget "WeatherApp" */;
			buildPhases = (
				5D3F8B9585748964C6F63364 /* [CP] Check Pods Manifest.lock */,
				2C9E1ADC206DD659008AE858 /* Sources */,
				2C9E1ADD206DD659008AE858 /* Frameworks */,
				2C9E1ADE206DD659008AE858 /* Resources */,
				0C5BC59829C7F187D8839932 /* [CP] Embed Pods Frameworks */,
			);
			buildRules = (
			);
			dependencies = (
			);
			name = WeatherApp;
			productName = WeatherApp;
			productReference = 2C9E1AE0206DD659008AE858 /* WeatherApp.app */;
			productType = "com.apple.product-type.application";
		};
/* End PBXNativeTarget section */

/* Begin PBXProject section */
		2C9E1AD8206DD659008AE858 /* Project object */ = {
			isa = PBXProject;
			attributes = {
				LastSwiftUpdateCheck = 0920;
				LastUpgradeCheck = 0940;
				ORGANIZATIONNAME = "Yichi Zhang";
				TargetAttributes = {
					2C9E1ADF206DD659008AE858 = {
						CreatedOnToolsVersion = 9.2;
						ProvisioningStyle = Automatic;
					};
				};
			};
			buildConfigurationList = 2C9E1ADB206DD659008AE858 /* Build configuration list for PBXProject "WeatherApp" */;
			compatibilityVersion = "Xcode 8.0";
			developmentRegion = en;
			hasScannedForEncodings = 0;
			knownRegions = (
				en,
				Base,
			);
			mainGroup = 2C9E1AD7206DD659008AE858;
			productRefGroup = 2C9E1AE1206DD659008AE858 /* Products */;
			projectDirPath = "";
			projectRoot = "";
			targets = (
				2C9E1ADF206DD659008AE858 /* WeatherApp */,
			);
		};
/* End PBXProject section */

/* Begin PBXResourcesBuildPhase section */
		2C9E1ADE206DD659008AE858 /* Resources */ = {
			isa = PBXResourcesBuildPhase;
			buildActionMask = 2147483647;
			files = (
				2C9E1AEE206DD659008AE858 /* LaunchScreen.storyboard in Resources */,
				2C9E1AEB206DD659008AE858 /* Assets.xcassets in Resources */,
				2C9E1AE9206DD659008AE858 /* Main.storyboard in Resources */,
			);
			runOnlyForDeploymentPostprocessing = 0;
		};
/* End PBXResourcesBuildPhase section */

/* Begin PBXShellScriptBuildPhase section */
		0C5BC59829C7F187D8839932 /* [CP] Embed Pods Frameworks */ = {
			isa = PBXShellScriptBuildPhase;
			buildActionMask = 2147483647;
			files = (
			);
			inputPaths = (
				"${SRCROOT}/Pods/Target Support Files/Pods-WeatherApp/Pods-WeatherApp-frameworks.sh",
				"${BUILT_PRODUCTS_DIR}/Alamofire/Alamofire.framework",
				"${BUILT_PRODUCTS_DIR}/SwiftyJSON/SwiftyJSON.framework",
			);
			name = "[CP] Embed Pods Frameworks";
			outputPaths = (
				"${TARGET_BUILD_DIR}/${FRAMEWORKS_FOLDER_PATH}/Alamofire.framework",
				"${TARGET_BUILD_DIR}/${FRAMEWORKS_FOLDER_PATH}/SwiftyJSON.framework",
			);
			runOnlyForDeploymentPostprocessing = 0;
			shellPath = /bin/sh;
			shellScript = "\"${SRCROOT}/Pods/Target Support Files/Pods-WeatherApp/Pods-WeatherApp-frameworks.sh\"\n";
			showEnvVarsInLog = 0;
		};
		5D3F8B9585748964C6F63364 /* [CP] Check Pods Manifest.lock */ = {
			isa = PBXShellScriptBuildPhase;
			buildActionMask = 2147483647;
			files = (
			);
			inputPaths = (
				"${PODS_PODFILE_DIR_PATH}/Podfile.lock",
				"${PODS_ROOT}/Manifest.lock",
			);
			name = "[CP] Check Pods Manifest.lock";
			outputPaths = (
				"$(DERIVED_FILE_DIR)/Pods-WeatherApp-checkManifestLockResult.txt",
			);
			runOnlyForDeploymentPostprocessing = 0;
			shellPath = /bin/sh;
			shellScript = "diff \"${PODS_PODFILE_DIR_PATH}/Podfile.lock\" \"${PODS_ROOT}/Manifest.lock\" > /dev/null\nif [ $? != 0 ] ; then\n    # print error to STDERR\n    echo \"error: The sandbox is not in sync with the Podfile.lock. Run 'pod install' or update your CocoaPods installation.\" >&2\n    exit 1\nfi\n# This output is used by Xcode 'outputs' to avoid re-running this script phase.\necho \"SUCCESS\" > \"${SCRIPT_OUTPUT_FILE_0}\"\n";
			showEnvVarsInLog = 0;
		};
/* End PBXShellScriptBuildPhase section */

/* Begin PBXSourcesBuildPhase section */
		2C9E1ADC206DD659008AE858 /* Sources */ = {
			isa = PBXSourcesBuildPhase;
			buildActionMask = 2147483647;
			files = (
				2C9E1B01206E1A42008AE858 /* changeCityDelegate.swift in Sources */,
				2C9E1AF9206DDAFC008AE858 /* WeatherDataModel.swift in Sources */,
				2C9E1AFD206DE452008AE858 /* WeatherViewController.swift in Sources */,
				2C9E1AE4206DD659008AE858 /* AppDelegate.swift in Sources */,
				2C9E1AFF206E17D2008AE858 /* ChangeCityViewController.swift in Sources */,
			);
			runOnlyForDeploymentPostprocessing = 0;
		};
/* End PBXSourcesBuildPhase section */

/* Begin PBXVariantGroup section */
		2C9E1AE7206DD659008AE858 /* Main.storyboard */ = {
			isa = PBXVariantGroup;
			children = (
				2C9E1AE8206DD659008AE858 /* Base */,
			);
			name = Main.storyboard;
			sourceTree = "<group>";
		};
		2C9E1AEC206DD659008AE858 /* LaunchScreen.storyboard */ = {
			isa = PBXVariantGroup;
			children = (
				2C9E1AED206DD659008AE858 /* Base */,
			);
			name = LaunchScreen.storyboard;
			sourceTree = "<group>";
		};
/* End PBXVariantGroup section */

/* Begin XCBuildConfiguration section */
		2C9E1AF0206DD659008AE858 /* Debug */ = {
			isa = XCBuildConfiguration;
			buildSettings = {
				ALWAYS_SEARCH_USER_PATHS = NO;
				CLANG_ANALYZER_NONNULL = YES;
				CLANG_ANALYZER_NUMBER_OBJECT_CONVERSION = YES_AGGRESSIVE;
				CLANG_CXX_LANGUAGE_STANDARD = "gnu++14";
				CLANG_CXX_LIBRARY = "libc++";
				CLANG_ENABLE_MODULES = YES;
				CLANG_ENABLE_OBJC_ARC = YES;
				CLANG_WARN_BLOCK_CAPTURE_AUTORELEASING = YES;
				CLANG_WARN_BOOL_CONVERSION = YES;
				CLANG_WARN_COMMA = YES;
				CLANG_WARN_CONSTANT_CONVERSION = YES;
				CLANG_WARN_DEPRECATED_OBJC_IMPLEMENTATIONS = YES;
				CLANG_WARN_DIRECT_OBJC_ISA_USAGE = YES_ERROR;
				CLANG_WARN_DOCUMENTATION_COMMENTS = YES;
				CLANG_WARN_EMPTY_BODY = YES;
				CLANG_WARN_ENUM_CONVERSION = YES;
				CLANG_WARN_INFINITE_RECURSION = YES;
				CLANG_WARN_INT_CONVERSION = YES;
				CLANG_WARN_NON_LITERAL_NULL_CONVERSION = YES;
				CLANG_WARN_OBJC_IMPLICIT_RETAIN_SELF = YES;
				CLANG_WARN_OBJC_LITERAL_CONVERSION = YES;
				CLANG_WARN_OBJC_ROOT_CLASS = YES_ERROR;
				CLANG_WARN_RANGE_LOOP_ANALYSIS = YES;
				CLANG_WARN_STRICT_PROTOTYPES = YES;
				CLANG_WARN_SUSPICIOUS_MOVE = YES;
				CLANG_WARN_UNGUARDED_AVAILABILITY = YES_AGGRESSIVE;
				CLANG_WARN_UNREACHABLE_CODE = YES;
				CLANG_WARN__DUPLICATE_METHOD_MATCH = YES;
				CODE_SIGN_IDENTITY = "iPhone Developer";
				COPY_PHASE_STRIP = NO;
				DEBUG_INFORMATION_FORMAT = dwarf;
				ENABLE_STRICT_OBJC_MSGSEND = YES;
				ENABLE_TESTABILITY = YES;
				GCC_C_LANGUAGE_STANDARD = gnu11;
				GCC_DYNAMIC_NO_PIC = NO;
				GCC_NO_COMMON_BLOCKS = YES;
				GCC_OPTIMIZATION_LEVEL = 0;
				GCC_PREPROCESSOR_DEFINITIONS = (
					"DEBUG=1",
					"$(inherited)",
				);
				GCC_WARN_64_TO_32_BIT_CONVERSION = YES;
				GCC_WARN_ABOUT_RETURN_TYPE = YES_ERROR;
				GCC_WARN_UNDECLARED_SELECTOR = YES;
				GCC_WARN_UNINITIALIZED_AUTOS = YES_AGGRESSIVE;
				GCC_WARN_UNUSED_FUNCTION = YES;
				GCC_WARN_UNUSED_VARIABLE = YES;
				IPHONEOS_DEPLOYMENT_TARGET = 11.2;
				MTL_ENABLE_DEBUG_INFO = YES;
				ONLY_ACTIVE_ARCH = YES;
				SDKROOT = iphoneos;
				SWIFT_ACTIVE_COMPILATION_CONDITIONS = DEBUG;
				SWIFT_OPTIMIZATION_LEVEL = "-Onone";
			};
			name = Debug;
		};
		2C9E1AF1206DD659008AE858 /* Release */ = {
			isa = XCBuildConfiguration;
			buildSettings = {
				ALWAYS_SEARCH_USER_PATHS = NO;
				CLANG_ANALYZER_NONNULL = YES;
				CLANG_ANALYZER_NUMBER_OBJECT_CONVERSION = YES_AGGRESSIVE;
				CLANG_CXX_LANGUAGE_STANDARD = "gnu++14";
				CLANG_CXX_LIBRARY = "libc++";
				CLANG_ENABLE_MODULES = YES;
				CLANG_ENABLE_OBJC_ARC = YES;
				CLANG_WARN_BLOCK_CAPTURE_AUTORELEASING = YES;
				CLANG_WARN_BOOL_CONVERSION = YES;
				CLANG_WARN_COMMA = YES;
				CLANG_WARN_CONSTANT_CONVERSION = YES;
				CLANG_WARN_DEPRECATED_OBJC_IMPLEMENTATIONS = YES;
				CLANG_WARN_DIRECT_OBJC_ISA_USAGE = YES_ERROR;
				CLANG_WARN_DOCUMENTATION_COMMENTS = YES;
				CLANG_WARN_EMPTY_BODY = YES;
				CLANG_WARN_ENUM_CONVERSION = YES;
				CLANG_WARN_INFINITE_RECURSION = YES;
				CLANG_WARN_INT_CONVERSION = YES;
				CLANG_WARN_NON_LITERAL_NULL_CONVERSION = YES;
				CLANG_WARN_OBJC_IMPLICIT_RETAIN_SELF = YES;
				CLANG_WARN_OBJC_LITERAL_CONVERSION = YES;
				CLANG_WARN_OBJC_ROOT_CLASS = YES_ERROR;
				CLANG_WARN_RANGE_LOOP_ANALYSIS = YES;
				CLANG_WARN_STRICT_PROTOTYPES = YES;
				CLANG_WARN_SUSPICIOUS_MOVE = YES;
				CLANG_WARN_UNGUARDED_AVAILABILITY = YES_AGGRESSIVE;
				CLANG_WARN_UNREACHABLE_CODE = YES;
				CLANG_WARN__DUPLICATE_METHOD_MATCH = YES;
				CODE_SIGN_IDENTITY = "iPhone Developer";
				COPY_PHASE_STRIP = NO;
				DEBUG_INFORMATION_FORMAT = "dwarf-with-dsym";
				ENABLE_NS_ASSERTIONS = NO;
				ENABLE_STRICT_OBJC_MSGSEND = YES;
				GCC_C_LANGUAGE_STANDARD = gnu11;
				GCC_NO_COMMON_BLOCKS = YES;
				GCC_WARN_64_TO_32_BIT_CONVERSION = YES;
				GCC_WARN_ABOUT_RETURN_TYPE = YES_ERROR;
				GCC_WARN_UNDECLARED_SELECTOR = YES;
				GCC_WARN_UNINITIALIZED_AUTOS = YES_AGGRESSIVE;
				GCC_WARN_UNUSED_FUNCTION = YES;
				GCC_WARN_UNUSED_VARIABLE = YES;
				IPHONEOS_DEPLOYMENT_TARGET = 11.2;
				MTL_ENABLE_DEBUG_INFO = NO;
				SDKROOT = iphoneos;
				SWIFT_OPTIMIZATION_LEVEL = "-Owholemodule";
				VALIDATE_PRODUCT = YES;
			};
			name = Release;
		};
		2C9E1AF3206DD659008AE858 /* Debug */ = {
			isa = XCBuildConfiguration;
			baseConfigurationReference = 7E7B90BBA92FC51470592059 /* Pods-WeatherApp.debug.xcconfig */;
			buildSettings = {
				ASSETCATALOG_COMPILER_APPICON_NAME = AppIcon;
				CODE_SIGN_STYLE = Automatic;
				DEVELOPMENT_TEAM = EC59E44FX2;
				INFOPLIST_FILE = WeatherApp/Info.plist;
				LD_RUNPATH_SEARCH_PATHS = "$(inherited) @executable_path/Frameworks";
				PRODUCT_BUNDLE_IDENTIFIER = "-YourName-.WeatherApp";
				PRODUCT_NAME = "$(TARGET_NAME)";
				SWIFT_VERSION = 4.0;
				TARGETED_DEVICE_FAMILY = "1,2";
			};
			name = Debug;
		};
		2C9E1AF4206DD659008AE858 /* Release */ = {
			isa = XCBuildConfiguration;
			baseConfigurationReference = 5E6AC56AD901CD51AA55E648 /* Pods-WeatherApp.release.xcconfig */;
			buildSettings = {
				ASSETCATALOG_COMPILER_APPICON_NAME = AppIcon;
				CODE_SIGN_STYLE = Automatic;
				DEVELOPMENT_TEAM = EC59E44FX2;
				INFOPLIST_FILE = WeatherApp/Info.plist;
				LD_RUNPATH_SEARCH_PATHS = "$(inherited) @executable_path/Frameworks";
				PRODUCT_BUNDLE_IDENTIFIER = "-YourName-.WeatherApp";
				PRODUCT_NAME = "$(TARGET_NAME)";
				SWIFT_VERSION = 4.0;
				TARGETED_DEVICE_FAMILY = "1,2";
			};
			name = Release;
		};
/* End XCBuildConfiguration section */

/* Begin XCConfigurationList section */
		2C9E1ADB206DD659008AE858 /* Build configuration list for PBXProject "WeatherApp" */ = {
			isa = XCConfigurationList;
			buildConfigurations = (
				2C9E1AF0206DD659008AE858 /* Debug */,
				2C9E1AF1206DD659008AE858 /* Release */,
			);
			defaultConfigurationIsVisible = 0;
			defaultConfigurationName = Release;
		};
		2C9E1AF2206DD659008AE858 /* Build configuration list for PBXNativeTarget "WeatherApp" */ = {
			isa = XCConfigurationList;
			buildConfigurations = (
				2C9E1AF3206DD659008AE858 /* Debug */,
				2C9E1AF4206DD659008AE858 /* Release */,
			);
			defaultConfigurationIsVisible = 0;
			defaultConfigurationName = Release;
		};
/* End XCConfigurationList section */
	};
	rootObject = 2C9E1AD8206DD659008AE858 /* Project object */;
}
